github.com/cmd-stream/core-go v0.0.0-20250602134159-c37a0a251158 h1:twqosyjkrmi7I9g9EHOhDtrpOQtGEl3GTjNVjd6/TAM=
github.com/cmd-stream/core-go v0.0.0-20250602134159-c37a0a251158/go.mod h1:cDnp3kDEWudlKh2Qx4mziDvfpR4WJftjMe0aH14+cNo=
github.com/cmd-stream/delegate-go v0.0.0-20250602164806-f3287deb62cd h1:abXRxgeBtoaohsH3yoyTaMUZx38ARbdG6QuRRAkbQa0=
github.com/cmd-stream/delegate-go v0.0.0-20250602164806-f3287deb62cd/go.mod h1:X8jUMZ6GlQJCRM6MrLzZY6iqMInRFgA0nDZZZ0oNH4I=
github.com/cmd-stream/handler-go v0.0.0-20250602165153-3a7b05a77e33 h1:oxoTQ8JAuJKg3ocYeIcdkzav/AFAR3cS6wDxf6aLmn4=
github.com/cmd-stream/handler-go v0.0.0-20250602165153-3a7b05a77e33/go.mod h1:5AsuOEvwiKf7Vjzm967kOe5MtJFdwq4Bv6/eKttFfQ8=
github.com/cmd-stream/sender-go v0.0.0-20250602143518-b1059738ecdb h1:eOGnYycooDgJWYPLfz/m5LYAS67tfeT7S7yH3VmULpk=
github.com/cmd-stream/sender-go v0.0.0-20250602143518-b1059738ecdb/go.mod h1:2tqPRKlcclBYmT68Z8gw8KXwCAIVfIy/OYy308h6KF8=
github.com/davecgh/go-spew v1.1.1 h1:vj9j/u1bqnvCEfJOwUhtlOARqs3+rkHYY13jYWTU97c=
github.com/davecgh/go-spew v1.1.1/go.mod h1:J7Y8YcW2NihsgmVo/mv3lAwl/skON4iLHjSsI+c5H38=
github.com/go-logr/logr v1.2.2/go.mod h1:jdQByPbusPIv2/zmleS9BjJVeZ6kBagPoEUsqbVz/1A=
github.com/go-logr/logr v1.4.2 h1:6pFjapn8bFcIbiKo3XT4j/BhANplGihG6tvd+8rYgrY=
github.com/go-logr/logr v1.4.2/go.mod h1:9T104GzyrTigFIr8wt5mBrctHMim0Nb2HLGrmQ40KvY=
github.com/go-logr/stdr v1.2.2 h1:hSWxHoqTgW2S2qGc0LTAI563KZ5YKYRhT3MFKZMbjag=
github.com/go-logr/stdr v1.2.2/go.mod h1:mMo/vtBO5dYbehREoey6XUKy/eSumjCCveDpRre4VKE=
github.com/google/go-cmp v0.7.0 h1:wk8382ETsv4JYUZwIsn6YpYiWiBsYLSJiTsyBybVuN8=
github.com/google/go-cmp v0.7.0/go.mod h1:pXiqmnSA92OHEEa9HXL2W4E7lf9JzCmGVUdgjX3N/iU=
github.com/mus-format/common-go v0.0.0-20250307125743-867bbd6eb59c h1:axAH0WwqkZNIWZIyswO59y63JaymSi9kqy3yybhQTdI=
github.com/mus-format/common-go v0.0.0-20250307125743-867bbd6eb59c/go.mod h1:1hTb8w0YdSGIOU6wNY+e9uXnDZ9OQnUivNtd8cPSdoU=
github.com/mus-format/mus-stream-go v0.7.0 h1:FejG1zOcm7N1kssC7aanlcviUM+S3W4M7enqPdmJlg0=
github.com/mus-format/mus-stream-go v0.7.0/go.mod h1:QKUch4gu6y8vsj4JyMykYqhlOMMLhP8mlL7VrYv1y7s=
github.com/pmezard/go-difflib v1.0.0 h1:4DBwDE0NGyQoBHbLQYPwSUPoCMWR5BEzIk/f1lZbAQM=
github.com/pmezard/go-difflib v1.0.0/go.mod h1:iKH77koFhYxTK1pcRnkKkqfTogsbg7gZNVY4sRDYZ/4=
github.com/stretchr/testify v1.10.0 h1:Xv5erBjTwe/5IxqUQTdXv5kgmIvbHo3QQyRwhJsOfJA=
github.com/stretchr/testify v1.10.0/go.mod h1:r2ic/lqez/lEtzL7wO/rwa5dbSLXVDPFyf8C91i36aY=
github.com/ymz-ncnk/assert v0.0.0-20250528151733-c41b2fca7933 h1:V48ApBa/TSsGNKnIapVQs1q/5+HAaOk51b24L8yuPpA=
github.com/ymz-ncnk/assert v0.0.0-20250528151733-c41b2fca7933/go.mod h1:+lSOTrCyOPuvc0xuvK4uKhgQ0Ar3U/HJPpJZg73kvgE=
github.com/ymz-ncnk/mok v0.2.1 h1:rx/QVO4W2d3s6g1Q2tVeIndD0Yhc66pVJRB2RHpXWSo=
github.com/ymz-ncnk/mok v0.2.1/go.mod h1:BYggihmf3kEBo7HfDVwDEqZ08gO8og8o5fcd8xuPmu0=
go.opentelemetry.io/auto/sdk v1.1.0 h1:cH53jehLUN6UFLY71z+NDOiNJqDdPRaXzTel0sJySYA=
go.opentelemetry.io/auto/sdk v1.1.0/go.mod h1:3wSPjt5PWp2RhlCcmmOial7AvC4DQqZb7a7wCow3W8A=
go.opentelemetry.io/otel v1.35.0 h1:xKWKPxrxB6OtMCbmMY021CqC45J+3Onta9MqjhnusiQ=
go.opentelemetry.io/otel v1.35.0/go.mod h1:UEqy8Zp11hpkUrL73gSlELM0DupHoiq72dR+Zqel/+Y=
go.opentelemetry.io/otel/metric v1.35.0 h1:0znxYu2SNyuMSQT4Y9WDWej0VpcsxkuklLa4/siN90M=
go.opentelemetry.io/otel/metric v1.35.0/go.mod h1:nKVFgxBZ2fReX6IlyW28MgZojkoAkJGaE8CpgeAU3oE=
go.opentelemetry.io/otel/trace v1.35.0 h1:dPpEfJu1sDIqruz7BHFG3c7528f6ddfSWfFDVt/xgMs=
go.opentelemetry.io/otel/trace v1.35.0/go.mod h1:WUk7DtFp1Aw2MkvqGdwiXYDZZNvA/1J8o6xRXLrIkyc=
golang.org/x/exp v0.0.0-20250305212735-054e65f0b394 h1:nDVHiLt8aIbd/VzvPWN6kSOPE7+F/fNFDSXLVYkE/Iw=
golang.org/x/exp v0.0.0-20250305212735-054e65f0b394/go.mod h1:sIifuuw/Yco/y6yb6+bDNfyeQ/MdPUy/hKEMYQV17cM=
gopkg.in/yaml.v3 v3.0.1 h1:fxVm/GzAzEWqLHuvctI91KS9hhNmmWOoWu0XTYJS7CA=
gopkg.in/yaml.v3 v3.0.1/go.mod h1:K4uyk7z7BCEPqu6E+C64Yfv1cQ7kz7rIZviUmN+EgEM=
