github.com/cespare/xxhash/v2 v2.3.0 h1:UL815xU9SqsFlibzuggzjXhog7bL6oX9BbNZnL2UFvs=
github.com/cespare/xxhash/v2 v2.3.0/go.mod h1:VGX0DQ3Q6kWi7AoAeZDth3/j3BFtOZR5XLFGgcrjCOs=
github.com/cmd-stream/cmd-stream-go v0.7.3 h1:CnXWD9o4C/FT98Sm+/dDzOjQrdZJbJDAff+6M498zSw=
github.com/cmd-stream/cmd-stream-go v0.7.3/go.mod h1:ZqzWxETc6lPKoLutbUkvRpVq05OqMG8CuaRETa1zPyE=
github.com/davecgh/go-spew v1.1.1 h1:vj9j/u1bqnvCEfJOwUhtlOARqs3+rkHYY13jYWTU97c=
github.com/davecgh/go-spew v1.1.1/go.mod h1:J7Y8YcW2NihsgmVo/mv3lAwl/skON4iLHjSsI+c5H38=
github.com/go-logr/logr v1.2.2/go.mod h1:jdQByPbusPIv2/zmleS9BjJVeZ6kBagPoEUsqbVz/1A=
github.com/go-logr/logr v1.4.3 h1:CjnDlHq8ikf6E492q6eKboGOC0T8CDaOvkHCIg8idEI=
github.com/go-logr/logr v1.4.3/go.mod h1:9T104GzyrTigFIr8wt5mBrctHMim0Nb2HLGrmQ40KvY=
github.com/go-logr/stdr v1.2.2 h1:hSWxHoqTgW2S2qGc0LTAI563KZ5YKYRhT3MFKZMbjag=
github.com/go-logr/stdr v1.2.2/go.mod h1:mMo/vtBO5dYbehREoey6XUKy/eSumjCCveDpRre4VKE=
github.com/google/go-cmp v0.7.0 h1:wk8382ETsv4JYUZwIsn6YpYiWiBsYLSJiTsyBybVuN8=
github.com/google/go-cmp v0.7.0/go.mod h1:pXiqmnSA92OHEEa9HXL2W4E7lf9JzCmGVUdgjX3N/iU=
github.com/mus-format/common-go v0.0.0-20260324174526-3d8f1741b5a2 h1:oob6maWbVV+yevC1EawGOSyqcU2Cvj3ZWAF0FKoT+uU=
github.com/mus-format/common-go v0.0.0-20260324174526-3d8f1741b5a2/go.mod h1:XhSTID+Ln32bHgJQjtizWsMFY219tfWa4sObJxHhATw=
github.com/mus-format/mus-stream-go v0.10.2 h1:XkyUlrOsbLXZYedkzTBX6r/0cBaanXahosAcER0586g=
github.com/mus-format/mus-stream-go v0.10.2/go.mod h1:Ibe+4qwbIqFhzA27YOLZL8R0wlY19rRYCHqWWPU+kfE=
github.com/pmezard/go-difflib v1.0.0 h1:4DBwDE0NGyQoBHbLQYPwSUPoCMWR5BEzIk/f1lZbAQM=
github.com/pmezard/go-difflib v1.0.0/go.mod h1:iKH77koFhYxTK1pcRnkKkqfTogsbg7gZNVY4sRDYZ/4=
github.com/stretchr/testify v1.11.1 h1:7s2iGBzp5EwR7/aIZr8ao5+dra3wiQyKjjFuvgVKu7U=
github.com/stretchr/testify v1.11.1/go.mod h1:wZwfW3scLgRK+23gO65QZefKpKQRnfz6sD981Nm4B6U=
github.com/ymz-ncnk/assert v0.0.0-20260108210721-155bc9aa4282 h1:lU0oPVPOGW0BZwLwAqfSTh1yxhFbwXDv/UAYY54QTq0=
github.com/ymz-ncnk/assert v0.0.0-20260108210721-155bc9aa4282/go.mod h1:+lSOTrCyOPuvc0xuvK4uKhgQ0Ar3U/HJPpJZg73kvgE=
github.com/ymz-ncnk/jointwork-go v0.0.0-20240428103805-1ee224bde88a h1:we5FNsUNYd+fdpb1wG72OsQW9PSxwZmZvdEX2MPKWr4=
github.com/ymz-ncnk/jointwork-go v0.0.0-20240428103805-1ee224bde88a/go.mod h1:hSb6kzszMFlMBOgqfEMl5nF0PduNisdKI3Q0rrD19A4=
github.com/ymz-ncnk/mok v0.2.2 h1:MkHkli+n3Ci6Xla9e/6LApJZ6/XjLB6AB3IXDr9a7hk=
github.com/ymz-ncnk/mok v0.2.2/go.mod h1:oG5QOzlimZyay1H6edXmCSd7YmcRhAm1j7qC8QcmWzM=
github.com/ymz-ncnk/multierr-go v0.0.0-20230813140901-5e9302c2e02a h1:mh9cOvtFJMQGPbWHZ7/fw8ODSPgBmDVPpqzjFfke60Y=
github.com/ymz-ncnk/multierr-go v0.0.0-20230813140901-5e9302c2e02a/go.mod h1:Y6DG+DHn9auZ/pemU4IxVvs+54GGhTpcBgaOHIGRiAk=
go.opentelemetry.io/auto/sdk v1.2.1 h1:jXsnJ4Lmnqd11kwkBV2LgLoFMZKizbCi5fNZ/ipaZ64=
go.opentelemetry.io/auto/sdk v1.2.1/go.mod h1:KRTj+aOaElaLi+wW1kO/DZRXwkF4C5xPbEe3ZiIhN7Y=
go.opentelemetry.io/otel v1.43.0 h1:mYIM03dnh5zfN7HautFE4ieIig9amkNANT+xcVxAj9I=
go.opentelemetry.io/otel v1.43.0/go.mod h1:JuG+u74mvjvcm8vj8pI5XiHy1zDeoCS2LB1spIq7Ay0=
go.opentelemetry.io/otel/metric v1.43.0 h1:d7638QeInOnuwOONPp4JAOGfbCEpYb+K6DVWvdxGzgM=
go.opentelemetry.io/otel/metric v1.43.0/go.mod h1:RDnPtIxvqlgO8GRW18W6Z/4P462ldprJtfxHxyKd2PY=
go.opentelemetry.io/otel/trace v1.43.0 h1:BkNrHpup+4k4w+ZZ86CZoHHEkohws8AY+WTX09nk+3A=
go.opentelemetry.io/otel/trace v1.43.0/go.mod h1:/QJhyVBUUswCphDVxq+8mld+AvhXZLhe+8WVFxiFff0=
golang.org/x/exp v0.0.0-20250305212735-054e65f0b394 h1:nDVHiLt8aIbd/VzvPWN6kSOPE7+F/fNFDSXLVYkE/Iw=
golang.org/x/exp v0.0.0-20250305212735-054e65f0b394/go.mod h1:sIifuuw/Yco/y6yb6+bDNfyeQ/MdPUy/hKEMYQV17cM=
gopkg.in/yaml.v3 v3.0.1 h1:fxVm/GzAzEWqLHuvctI91KS9hhNmmWOoWu0XTYJS7CA=
gopkg.in/yaml.v3 v3.0.1/go.mod h1:K4uyk7z7BCEPqu6E+C64Yfv1cQ7kz7rIZviUmN+EgEM=
